
Microsoft Visual Studio Solution File, Format Version 12.00
# Visual Studio Version 16
VisualStudioVersion = 16.0.31213.239
MinimumVisualStudioVersion = 10.0.40219.1
Project("{D4FC91BA-DD79-42D9-AC7A-0CD9E316E32B}") = "CacheInvestor", "src\CacheInvestor.csproj", "{55BF3CD7-2799-4766-9A06-7FF1379E97DF}"
EndProject
Global
	GlobalSection(SolutionConfigurationPlatforms) = preSolution
		Debug|Any CPU = Debug|Any CPU
		Release|Any CPU = Release|Any CPU
	EndGlobalSection
	GlobalSection(ProjectConfigurationPlatforms) = postSolution
		{55BF3CD7-2799-4766-9A06-7FF1379E97DF}.Debug|Any CPU.ActiveCfg = Debug|Any CPU
		{55BF3CD7-2799-4766-9A06-7FF1379E97DF}.Debug|Any CPU.Build.0 = Debug|Any CPU
		{55BF3CD7-2799-4766-9A06-7FF1379E97DF}.Release|Any CPU.ActiveCfg = Release|Any CPU
		{55BF3CD7-2799-4766-9A06-7FF1379E97DF}.Release|Any CPU.Build.0 = Release|Any CPU
	EndGlobalSection
	GlobalSection(SolutionProperties) = preSolution
		HideSolutionNode = FALSE
	EndGlobalSection
	GlobalSection(ExtensibilityGlobals) = postSolution
		SolutionGuid = {E0D75A62-9514-48EE-9A45-0EF5E298844D}
	EndGlobalSection
EndGlobal
